// !$*UTF8*$!
{
	archiveVersion = 1;
	classes = {
	};
	objectVersion = 55;
	objects = {

/* Begin PBXBuildFile section */
		DBB507282821A2BA0012A4FB /* ScrumdingerApp.swift in Sources */ = {isa = PBXBuildFile; fileRef = DBB507272821A2BA0012A4FB /* ScrumdingerApp.swift */; };
		DBB5072A2821A2BA0012A4FB /* MeetingView.swift in Sources */ = {isa = PBXBuildFile; fileRef = DBB507292821A2BA0012A4FB /* MeetingView.swift */; };
		DBB5072C2821A2BB0012A4FB /* Assets.xcassets in Resources */ = {isa = PBXBuildFile; fileRef = DBB5072B2821A2BB0012A4FB /* Assets.xcassets */; };
		DBB5072F2821A2BB0012A4FB /* Preview Assets.xcassets in Resources */ = {isa = PBXBuildFile; fileRef = DBB5072E2821A2BB0012A4FB /* Preview Assets.xcassets */; };
		DBB5073D2822C0DA0012A4FB /* Theme.swift in Sources */ = {isa = PBXBuildFile; fileRef = DBB5073C2822C0DA0012A4FB /* Theme.swift */; };
		DBB5073F2822C33E0012A4FB /* DailyScrum.swift in Sources */ = {isa = PBXBuildFile; fileRef = DBB5073E2822C33E0012A4FB /* DailyScrum.swift */; };
		DBB507412822C6C80012A4FB /* CardView.swift in Sources */ = {isa = PBXBuildFile; fileRef = DBB507402822C6C80012A4FB /* CardView.swift */; };
		DBB507432822D1160012A4FB /* TrailingIconLabelStyle.swift in Sources */ = {isa = PBXBuildFile; fileRef = DBB507422822D1160012A4FB /* TrailingIconLabelStyle.swift */; };
		DBB507452823218D0012A4FB /* ScrumsView.swift in Sources */ = {isa = PBXBuildFile; fileRef = DBB507442823218D0012A4FB /* ScrumsView.swift */; };
		DBB5074728232A420012A4FB /* DetailView.swift in Sources */ = {isa = PBXBuildFile; fileRef = DBB5074628232A420012A4FB /* DetailView.swift */; };
		DBD7213128254788003A5FD6 /* DetailEditView.swift in Sources */ = {isa = PBXBuildFile; fileRef = DBD7213028254788003A5FD6 /* DetailEditView.swift */; };
		DBD7213328256BEB003A5FD6 /* ThemeView.swift in Sources */ = {isa = PBXBuildFile; fileRef = DBD7213228256BEB003A5FD6 /* ThemeView.swift */; };
		DBD7213528256E3E003A5FD6 /* ThemePicker.swift in Sources */ = {isa = PBXBuildFile; fileRef = DBD7213428256E3E003A5FD6 /* ThemePicker.swift */; };
		DBD7213728298F0C003A5FD6 /* MeetingHeaderView.swift in Sources */ = {isa = PBXBuildFile; fileRef = DBD7213628298F0C003A5FD6 /* MeetingHeaderView.swift */; };
		DBD721392829AF26003A5FD6 /* ScrumProgressViewStyle.swift in Sources */ = {isa = PBXBuildFile; fileRef = DBD721382829AF26003A5FD6 /* ScrumProgressViewStyle.swift */; };
		DBD7213B2829B66F003A5FD6 /* ScrumTimer.swift in Sources */ = {isa = PBXBuildFile; fileRef = DBD7213A2829B66F003A5FD6 /* ScrumTimer.swift */; };
		DBD7213D282AAB35003A5FD6 /* MeetingFooterView.swift in Sources */ = {isa = PBXBuildFile; fileRef = DBD7213C282AAB35003A5FD6 /* MeetingFooterView.swift */; };
		DBD7213F282ABD3D003A5FD6 /* AVPlayer+Ding.swift in Sources */ = {isa = PBXBuildFile; fileRef = DBD7213E282ABD3D003A5FD6 /* AVPlayer+Ding.swift */; };
		DBD72142282BF4B7003A5FD6 /* ding.wav in Resources */ = {isa = PBXBuildFile; fileRef = DBD72141282BF4B7003A5FD6 /* ding.wav */; };
		DBD72144282D4B4C003A5FD6 /* History.swift in Sources */ = {isa = PBXBuildFile; fileRef = DBD72143282D4B4C003A5FD6 /* History.swift */; };
		DBD72146282D7FB2003A5FD6 /* ScrumStore.swift in Sources */ = {isa = PBXBuildFile; fileRef = DBD72145282D7FB2003A5FD6 /* ScrumStore.swift */; };
/* End PBXBuildFile section */

/* Begin PBXFileReference section */
		DBB507242821A2BA0012A4FB /* Scrumdinger.app */ = {isa = PBXFileReference; explicitFileType = wrapper.application; includeInIndex = 0; path = Scrumdinger.app; sourceTree = BUILT_PRODUCTS_DIR; };
		DBB507272821A2BA0012A4FB /* ScrumdingerApp.swift */ = {isa = PBXFileReference; lastKnownFileType = sourcecode.swift; path = ScrumdingerApp.swift; sourceTree = "<group>"; };
		DBB507292821A2BA0012A4FB /* MeetingView.swift */ = {isa = PBXFileReference; lastKnownFileType = sourcecode.swift; path = MeetingView.swift; sourceTree = "<group>"; };
		DBB5072B2821A2BB0012A4FB /* Assets.xcassets */ = {isa = PBXFileReference; lastKnownFileType = folder.assetcatalog; path = Assets.xcassets; sourceTree = "<group>"; };
		DBB5072E2821A2BB0012A4FB /* Preview Assets.xcassets */ = {isa = PBXFileReference; lastKnownFileType = folder.assetcatalog; path = "Preview Assets.xcassets"; sourceTree = "<group>"; };
		DBB5073C2822C0DA0012A4FB /* Theme.swift */ = {isa = PBXFileReference; lastKnownFileType = sourcecode.swift; path = Theme.swift; sourceTree = "<group>"; };
		DBB5073E2822C33E0012A4FB /* DailyScrum.swift */ = {isa = PBXFileReference; lastKnownFileType = sourcecode.swift; path = DailyScrum.swift; sourceTree = "<group>"; };
		DBB507402822C6C80012A4FB /* CardView.swift */ = {isa = PBXFileReference; lastKnownFileType = sourcecode.swift; path = CardView.swift; sourceTree = "<group>"; };
		DBB507422822D1160012A4FB /* TrailingIconLabelStyle.swift */ = {isa = PBXFileReference; lastKnownFileType = sourcecode.swift; path = TrailingIconLabelStyle.swift; sourceTree = "<group>"; };
		DBB507442823218D0012A4FB /* ScrumsView.swift */ = {isa = PBXFileReference; lastKnownFileType = sourcecode.swift; path = ScrumsView.swift; sourceTree = "<group>"; };
		DBB5074628232A420012A4FB /* DetailView.swift */ = {isa = PBXFileReference; lastKnownFileType = sourcecode.swift; path = DetailView.swift; sourceTree = "<group>"; };
		DBD7213028254788003A5FD6 /* DetailEditView.swift */ = {isa = PBXFileReference; lastKnownFileType = sourcecode.swift; path = DetailEditView.swift; sourceTree = "<group>"; };
		DBD7213228256BEB003A5FD6 /* ThemeView.swift */ = {isa = PBXFileReference; lastKnownFileType = sourcecode.swift; path = ThemeView.swift; sourceTree = "<group>"; };
		DBD7213428256E3E003A5FD6 /* ThemePicker.swift */ = {isa = PBXFileReference; lastKnownFileType = sourcecode.swift; path = ThemePicker.swift; sourceTree = "<group>"; };
		DBD7213628298F0C003A5FD6 /* MeetingHeaderView.swift */ = {isa = PBXFileReference; lastKnownFileType = sourcecode.swift; path = MeetingHeaderView.swift; sourceTree = "<group>"; };
		DBD721382829AF26003A5FD6 /* ScrumProgressViewStyle.swift */ = {isa = PBXFileReference; lastKnownFileType = sourcecode.swift; path = ScrumProgressViewStyle.swift; sourceTree = "<group>"; };
		DBD7213A2829B66F003A5FD6 /* ScrumTimer.swift */ = {isa = PBXFileReference; lastKnownFileType = sourcecode.swift; path = ScrumTimer.swift; sourceTree = "<group>"; };
		DBD7213C282AAB35003A5FD6 /* MeetingFooterView.swift */ = {isa = PBXFileReference; lastKnownFileType = sourcecode.swift; path = MeetingFooterView.swift; sourceTree = "<group>"; };
		DBD7213E282ABD3D003A5FD6 /* AVPlayer+Ding.swift */ = {isa = PBXFileReference; lastKnownFileType = sourcecode.swift; path = "AVPlayer+Ding.swift"; sourceTree = "<group>"; };
		DBD72141282BF4B7003A5FD6 /* ding.wav */ = {isa = PBXFileReference; lastKnownFileType = audio.wav; path = ding.wav; sourceTree = "<group>"; };
		DBD72143282D4B4C003A5FD6 /* History.swift */ = {isa = PBXFileReference; lastKnownFileType = sourcecode.swift; path = History.swift; sourceTree = "<group>"; };
		DBD72145282D7FB2003A5FD6 /* ScrumStore.swift */ = {isa = PBXFileReference; lastKnownFileType = sourcecode.swift; path = ScrumStore.swift; sourceTree = "<group>"; };
/* End PBXFileReference section */

/* Begin PBXFrameworksBuildPhase section */
		DBB507212821A2BA0012A4FB /* Frameworks */ = {
			isa = PBXFrameworksBuildPhase;
			buildActionMask = 2147483647;
			files = (
			);
			runOnlyForDeploymentPostprocessing = 0;
		};
/* End PBXFrameworksBuildPhase section */

/* Begin PBXGroup section */
		DBB5071B2821A2BA0012A4FB = {
			isa = PBXGroup;
			children = (
				DBB507262821A2BA0012A4FB /* Scrumdinger */,
				DBB507252821A2BA0012A4FB /* Products */,
			);
			sourceTree = "<group>";
		};
		DBB507252821A2BA0012A4FB /* Products */ = {
			isa = PBXGroup;
			children = (
				DBB507242821A2BA0012A4FB /* Scrumdinger.app */,
			);
			name = Products;
			sourceTree = "<group>";
		};
		DBB507262821A2BA0012A4FB /* Scrumdinger */ = {
			isa = PBXGroup;
			children = (
				DBB507402822C6C80012A4FB /* CardView.swift */,
				DBD7213028254788003A5FD6 /* DetailEditView.swift */,
				DBB5074628232A420012A4FB /* DetailView.swift */,
				DBD7213C282AAB35003A5FD6 /* MeetingFooterView.swift */,
				DBD7213628298F0C003A5FD6 /* MeetingHeaderView.swift */,
				DBB507292821A2BA0012A4FB /* MeetingView.swift */,
				DBB5073B2822C0C20012A4FB /* Models */,
				DBB507272821A2BA0012A4FB /* ScrumdingerApp.swift */,
				DBD721382829AF26003A5FD6 /* ScrumProgressViewStyle.swift */,
				DBB507442823218D0012A4FB /* ScrumsView.swift */,
				DBD7213428256E3E003A5FD6 /* ThemePicker.swift */,
				DBD7213228256BEB003A5FD6 /* ThemeView.swift */,
				DBB507422822D1160012A4FB /* TrailingIconLabelStyle.swift */,
				DBB5072B2821A2BB0012A4FB /* Assets.xcassets */,
				DBD72140282BF487003A5FD6 /* Resources */,
				DBB5072D2821A2BB0012A4FB /* Preview Content */,
			);
			path = Scrumdinger;
			sourceTree = "<group>";
		};
		DBB5072D2821A2BB0012A4FB /* Preview Content */ = {
			isa = PBXGroup;
			children = (
				DBB5072E2821A2BB0012A4FB /* Preview Assets.xcassets */,
			);
			path = "Preview Content";
			sourceTree = "<group>";
		};
		DBB5073B2822C0C20012A4FB /* Models */ = {
			isa = PBXGroup;
			children = (
				DBD7213E282ABD3D003A5FD6 /* AVPlayer+Ding.swift */,
				DBB5073E2822C33E0012A4FB /* DailyScrum.swift */,
				DBD72143282D4B4C003A5FD6 /* History.swift */,
				DBD72145282D7FB2003A5FD6 /* ScrumStore.swift */,
				DBD7213A2829B66F003A5FD6 /* ScrumTimer.swift */,
				DBB5073C2822C0DA0012A4FB /* Theme.swift */,
			);
			path = Models;
			sourceTree = "<group>";
		};
		DBD72140282BF487003A5FD6 /* Resources */ = {
			isa = PBXGroup;
			children = (
				DBD72141282BF4B7003A5FD6 /* ding.wav */,
			);
			path = Resources;
			sourceTree = "<group>";
		};
/* End PBXGroup section */

/* Begin PBXNativeTarget section */
		DBB507232821A2BA0012A4FB /* Scrumdinger */ = {
			isa = PBXNativeTarget;
			buildConfigurationList = DBB507322821A2BB0012A4FB /* Build configuration list for PBXNativeTarget "Scrumdinger" */;
			buildPhases = (
				DBB507202821A2BA0012A4FB /* Sources */,
				DBB507212821A2BA0012A4FB /* Frameworks */,
				DBB507222821A2BA0012A4FB /* Resources */,
			);
			buildRules = (
			);
			dependencies = (
			);
			name = Scrumdinger;
			productName = Scrumdinger;
			productReference = DBB507242821A2BA0012A4FB /* Scrumdinger.app */;
			productType = "com.apple.product-type.application";
		};
/* End PBXNativeTarget section */

/* Begin PBXProject section */
		DBB5071C2821A2BA0012A4FB /* Project object */ = {
			isa = PBXProject;
			attributes = {
				BuildIndependentTargetsInParallel = 1;
				LastSwiftUpdateCheck = 1330;
				LastUpgradeCheck = 1330;
				TargetAttributes = {
					DBB507232821A2BA0012A4FB = {
						CreatedOnToolsVersion = 13.3.1;
					};
				};
			};
			buildConfigurationList = DBB5071F2821A2BA0012A4FB /* Build configuration list for PBXProject "Scrumdinger" */;
			compatibilityVersion = "Xcode 13.0";
			developmentRegion = en;
			hasScannedForEncodings = 0;
			knownRegions = (
				en,
				Base,
			);
			mainGroup = DBB5071B2821A2BA0012A4FB;
			productRefGroup = DBB507252821A2BA0012A4FB /* Products */;
			projectDirPath = "";
			projectRoot = "";
			targets = (
				DBB507232821A2BA0012A4FB /* Scrumdinger */,
			);
		};
/* End PBXProject section */

/* Begin PBXResourcesBuildPhase section */
		DBB507222821A2BA0012A4FB /* Resources */ = {
			isa = PBXResourcesBuildPhase;
			buildActionMask = 2147483647;
			files = (
				DBD72142282BF4B7003A5FD6 /* ding.wav in Resources */,
				DBB5072F2821A2BB0012A4FB /* Preview Assets.xcassets in Resources */,
				DBB5072C2821A2BB0012A4FB /* Assets.xcassets in Resources */,
			);
			runOnlyForDeploymentPostprocessing = 0;
		};
/* End PBXResourcesBuildPhase section */

/* Begin PBXSourcesBuildPhase section */
		DBB507202821A2BA0012A4FB /* Sources */ = {
			isa = PBXSourcesBuildPhase;
			buildActionMask = 2147483647;
			files = (
				DBD72144282D4B4C003A5FD6 /* History.swift in Sources */,
				DBD7213528256E3E003A5FD6 /* ThemePicker.swift in Sources */,
				DBD721392829AF26003A5FD6 /* ScrumProgressViewStyle.swift in Sources */,
				DBD7213D282AAB35003A5FD6 /* MeetingFooterView.swift in Sources */,
				DBD72146282D7FB2003A5FD6 /* ScrumStore.swift in Sources */,
				DBD7213B2829B66F003A5FD6 /* ScrumTimer.swift in Sources */,
				DBB5073F2822C33E0012A4FB /* DailyScrum.swift in Sources */,
				DBB5074728232A420012A4FB /* DetailView.swift in Sources */,
				DBD7213728298F0C003A5FD6 /* MeetingHeaderView.swift in Sources */,
				DBD7213128254788003A5FD6 /* DetailEditView.swift in Sources */,
				DBB507432822D1160012A4FB /* TrailingIconLabelStyle.swift in Sources */,
				DBB5073D2822C0DA0012A4FB /* Theme.swift in Sources */,
				DBB507452823218D0012A4FB /* ScrumsView.swift in Sources */,
				DBB5072A2821A2BA0012A4FB /* MeetingView.swift in Sources */,
				DBB507282821A2BA0012A4FB /* ScrumdingerApp.swift in Sources */,
				DBD7213328256BEB003A5FD6 /* ThemeView.swift in Sources */,
				DBB507412822C6C80012A4FB /* CardView.swift in Sources */,
				DBD7213F282ABD3D003A5FD6 /* AVPlayer+Ding.swift in Sources */,
			);
			runOnlyForDeploymentPostprocessing = 0;
		};
/* End PBXSourcesBuildPhase section */

/* Begin XCBuildConfiguration section */
		DBB507302821A2BB0012A4FB /* Debug */ = {
			isa = XCBuildConfiguration;
			buildSettings = {
				ALWAYS_SEARCH_USER_PATHS = NO;
				CLANG_ANALYZER_NONNULL = YES;
				CLANG_ANALYZER_NUMBER_OBJECT_CONVERSION = YES_AGGRESSIVE;
				CLANG_CXX_LANGUAGE_STANDARD = "gnu++17";
				CLANG_ENABLE_MODULES = YES;
				CLANG_ENABLE_OBJC_ARC = YES;
				CLANG_ENABLE_OBJC_WEAK = YES;
				CLANG_WARN_BLOCK_CAPTURE_AUTORELEASING = YES;
				CLANG_WARN_BOOL_CONVERSION = YES;
				CLANG_WARN_COMMA = YES;
				CLANG_WARN_CONSTANT_CONVERSION = YES;
				CLANG_WARN_DEPRECATED_OBJC_IMPLEMENTATIONS = YES;
				CLANG_WARN_DIRECT_OBJC_ISA_USAGE = YES_ERROR;
				CLANG_WARN_DOCUMENTATION_COMMENTS = YES;
				CLANG_WARN_EMPTY_BODY = YES;
				CLANG_WARN_ENUM_CONVERSION = YES;
				CLANG_WARN_INFINITE_RECURSION = YES;
				CLANG_WARN_INT_CONVERSION = YES;
				CLANG_WARN_NON_LITERAL_NULL_CONVERSION = YES;
				CLANG_WARN_OBJC_IMPLICIT_RETAIN_SELF = YES;
				CLANG_WARN_OBJC_LITERAL_CONVERSION = YES;
				CLANG_WARN_OBJC_ROOT_CLASS = YES_ERROR;
				CLANG_WARN_QUOTED_INCLUDE_IN_FRAMEWORK_HEADER = YES;
				CLANG_WARN_RANGE_LOOP_ANALYSIS = YES;
				CLANG_WARN_STRICT_PROTOTYPES = YES;
				CLANG_WARN_SUSPICIOUS_MOVE = YES;
				CLANG_WARN_UNGUARDED_AVAILABILITY = YES_AGGRESSIVE;
				CLANG_WARN_UNREACHABLE_CODE = YES;
				CLANG_WARN__DUPLICATE_METHOD_MATCH = YES;
				COPY_PHASE_STRIP = NO;
				DEBUG_INFORMATION_FORMAT = dwarf;
				ENABLE_STRICT_OBJC_MSGSEND = YES;
				ENABLE_TESTABILITY = YES;
				GCC_C_LANGUAGE_STANDARD = gnu11;
				GCC_DYNAMIC_NO_PIC = NO;
				GCC_NO_COMMON_BLOCKS = YES;
				GCC_OPTIMIZATION_LEVEL = 0;
				GCC_PREPROCESSOR_DEFINITIONS = (
					"DEBUG=1",
					"$(inherited)",
				);
				GCC_WARN_64_TO_32_BIT_CONVERSION = YES;
				GCC_WARN_ABOUT_RETURN_TYPE = YES_ERROR;
				GCC_WARN_UNDECLARED_SELECTOR = YES;
				GCC_WARN_UNINITIALIZED_AUTOS = YES_AGGRESSIVE;
				GCC_WARN_UNUSED_FUNCTION = YES;
				GCC_WARN_UNUSED_VARIABLE = YES;
				IPHONEOS_DEPLOYMENT_TARGET = 15.4;
				MTL_ENABLE_DEBUG_INFO = INCLUDE_SOURCE;
				MTL_FAST_MATH = YES;
				ONLY_ACTIVE_ARCH = YES;
				SDKROOT = iphoneos;
				SWIFT_ACTIVE_COMPILATION_CONDITIONS = DEBUG;
				SWIFT_OPTIMIZATION_LEVEL = "-Onone";
			};
			name = Debug;
		};
		DBB507312821A2BB0012A4FB /* Release */ = {
			isa = XCBuildConfiguration;
			buildSettings = {
				ALWAYS_SEARCH_USER_PATHS = NO;
				CLANG_ANALYZER_NONNULL = YES;
				CLANG_ANALYZER_NUMBER_OBJECT_CONVERSION = YES_AGGRESSIVE;
				CLANG_CXX_LANGUAGE_STANDARD = "gnu++17";
				CLANG_ENABLE_MODULES = YES;
				CLANG_ENABLE_OBJC_ARC = YES;
				CLANG_ENABLE_OBJC_WEAK = YES;
				CLANG_WARN_BLOCK_CAPTURE_AUTORELEASING = YES;
				CLANG_WARN_BOOL_CONVERSION = YES;
				CLANG_WARN_COMMA = YES;
				CLANG_WARN_CONSTANT_CONVERSION = YES;
				CLANG_WARN_DEPRECATED_OBJC_IMPLEMENTATIONS = YES;
				CLANG_WARN_DIRECT_OBJC_ISA_USAGE = YES_ERROR;
				CLANG_WARN_DOCUMENTATION_COMMENTS = YES;
				CLANG_WARN_EMPTY_BODY = YES;
				CLANG_WARN_ENUM_CONVERSION = YES;
				CLANG_WARN_INFINITE_RECURSION = YES;
				CLANG_WARN_INT_CONVERSION = YES;
				CLANG_WARN_NON_LITERAL_NULL_CONVERSION = YES;
				CLANG_WARN_OBJC_IMPLICIT_RETAIN_SELF = YES;
				CLANG_WARN_OBJC_LITERAL_CONVERSION = YES;
				CLANG_WARN_OBJC_ROOT_CLASS = YES_ERROR;
				CLANG_WARN_QUOTED_INCLUDE_IN_FRAMEWORK_HEADER = YES;
				CLANG_WARN_RANGE_LOOP_ANALYSIS = YES;
				CLANG_WARN_STRICT_PROTOTYPES = YES;
				CLANG_WARN_SUSPICIOUS_MOVE = YES;
				CLANG_WARN_UNGUARDED_AVAILABILITY = YES_AGGRESSIVE;
				CLANG_WARN_UNREACHABLE_CODE = YES;
				CLANG_WARN__DUPLICATE_METHOD_MATCH = YES;
				COPY_PHASE_STRIP = NO;
				DEBUG_INFORMATION_FORMAT = "dwarf-with-dsym";
				ENABLE_NS_ASSERTIONS = NO;
				ENABLE_STRICT_OBJC_MSGSEND = YES;
				GCC_C_LANGUAGE_STANDARD = gnu11;
				GCC_NO_COMMON_BLOCKS = YES;
				GCC_WARN_64_TO_32_BIT_CONVERSION = YES;
				GCC_WARN_ABOUT_RETURN_TYPE = YES_ERROR;
				GCC_WARN_UNDECLARED_SELECTOR = YES;
				GCC_WARN_UNINITIALIZED_AUTOS = YES_AGGRESSIVE;
				GCC_WARN_UNUSED_FUNCTION = YES;
				GCC_WARN_UNUSED_VARIABLE = YES;
				IPHONEOS_DEPLOYMENT_TARGET = 15.4;
				MTL_ENABLE_DEBUG_INFO = NO;
				MTL_FAST_MATH = YES;
				SDKROOT = iphoneos;
				SWIFT_COMPILATION_MODE = wholemodule;
				SWIFT_OPTIMIZATION_LEVEL = "-O";
				VALIDATE_PRODUCT = YES;
			};
			name = Release;
		};
		DBB507332821A2BB0012A4FB /* Debug */ = {
			isa = XCBuildConfiguration;
			buildSettings = {
				ASSETCATALOG_COMPILER_APPICON_NAME = AppIcon;
				ASSETCATALOG_COMPILER_GLOBAL_ACCENT_COLOR_NAME = AccentColor;
				CODE_SIGN_STYLE = Automatic;
				CURRENT_PROJECT_VERSION = 1;
				DEVELOPMENT_ASSET_PATHS = "\"Scrumdinger/Preview Content\"";
				DEVELOPMENT_TEAM = 6WMH42KJWP;
				ENABLE_PREVIEWS = YES;
				GENERATE_INFOPLIST_FILE = YES;
				INFOPLIST_KEY_UIApplicationSceneManifest_Generation = YES;
				INFOPLIST_KEY_UIApplicationSupportsIndirectInputEvents = YES;
				INFOPLIST_KEY_UILaunchScreen_Generation = YES;
				INFOPLIST_KEY_UISupportedInterfaceOrientations_iPad = "UIInterfaceOrientationPortrait UIInterfaceOrientationPortraitUpsideDown UIInterfaceOrientationLandscapeLeft UIInterfaceOrientationLandscapeRight";
				INFOPLIST_KEY_UISupportedInterfaceOrientations_iPhone = "UIInterfaceOrientationPortrait UIInterfaceOrientationLandscapeLeft UIInterfaceOrientationLandscapeRight";
				LD_RUNPATH_SEARCH_PATHS = (
					"$(inherited)",
					"@executable_path/Frameworks",
				);
				MARKETING_VERSION = 1.0;
				PRODUCT_BUNDLE_IDENTIFIER = com.carloscorvalan.Scrumdinger;
				PRODUCT_NAME = "$(TARGET_NAME)";
				SWIFT_EMIT_LOC_STRINGS = YES;
				SWIFT_VERSION = 5.0;
				TARGETED_DEVICE_FAMILY = "1,2";
			};
			name = Debug;
		};
		DBB507342821A2BB0012A4FB /* Release */ = {
			isa = XCBuildConfiguration;
			buildSettings = {
				ASSETCATALOG_COMPILER_APPICON_NAME = AppIcon;
				ASSETCATALOG_COMPILER_GLOBAL_ACCENT_COLOR_NAME = AccentColor;
				CODE_SIGN_STYLE = Automatic;
				CURRENT_PROJECT_VERSION = 1;
				DEVELOPMENT_ASSET_PATHS = "\"Scrumdinger/Preview Content\"";
				DEVELOPMENT_TEAM = 6WMH42KJWP;
				ENABLE_PREVIEWS = YES;
				GENERATE_INFOPLIST_FILE = YES;
				INFOPLIST_KEY_UIApplicationSceneManifest_Generation = YES;
				INFOPLIST_KEY_UIApplicationSupportsIndirectInputEvents = YES;
				INFOPLIST_KEY_UILaunchScreen_Generation = YES;
				INFOPLIST_KEY_UISupportedInterfaceOrientations_iPad = "UIInterfaceOrientationPortrait UIInterfaceOrientationPortraitUpsideDown UIInterfaceOrientationLandscapeLeft UIInterfaceOrientationLandscapeRight";
				INFOPLIST_KEY_UISupportedInterfaceOrientations_iPhone = "UIInterfaceOrientationPortrait UIInterfaceOrientationLandscapeLeft UIInterfaceOrientationLandscapeRight";
				LD_RUNPATH_SEARCH_PATHS = (
					"$(inherited)",
					"@executable_path/Frameworks",
				);
				MARKETING_VERSION = 1.0;
				PRODUCT_BUNDLE_IDENTIFIER = com.carloscorvalan.Scrumdinger;
				PRODUCT_NAME = "$(TARGET_NAME)";
				SWIFT_EMIT_LOC_STRINGS = YES;
				SWIFT_VERSION = 5.0;
				TARGETED_DEVICE_FAMILY = "1,2";
			};
			name = Release;
		};
/* End XCBuildConfiguration section */

/* Begin XCConfigurationList section */
		DBB5071F2821A2BA0012A4FB /* Build configuration list for PBXProject "Scrumdinger" */ = {
			isa = XCConfigurationList;
			buildConfigurations = (
				DBB507302821A2BB0012A4FB /* Debug */,
				DBB507312821A2BB0012A4FB /* Release */,
			);
			defaultConfigurationIsVisible = 0;
			defaultConfigurationName = Release;
		};
		DBB507322821A2BB0012A4FB /* Build configuration list for PBXNativeTarget "Scrumdinger" */ = {
			isa = XCConfigurationList;
			buildConfigurations = (
				DBB507332821A2BB0012A4FB /* Debug */,
				DBB507342821A2BB0012A4FB /* Release */,
			);
			defaultConfigurationIsVisible = 0;
			defaultConfigurationName = Release;
		};
/* End XCConfigurationList section */
	};
	rootObject = DBB5071C2821A2BA0012A4FB /* Project object */;
}
